
Microsoft Visual Studio Solution File, Format Version 12.00
# Visual Studio Version 16
VisualStudioVersion = 16.0.31005.135
MinimumVisualStudioVersion = 10.0.40219.1
Project("{FAE04EC0-301F-11D3-BF4B-00C04F79EFBC}") = "sqlrehberornegi", "sqlrehberornegi\sqlrehberornegi.csproj", "{1E0DFECF-A881-4DDF-8BBD-AAC0A37464A0}"
EndProject
Global
	GlobalSection(SolutionConfigurationPlatforms) = preSolution
		Debug|Any CPU = Debug|Any CPU
		Release|Any CPU = Release|Any CPU
	EndGlobalSection
	GlobalSection(ProjectConfigurationPlatforms) = postSolution
		{1E0DFECF-A881-4DDF-8BBD-AAC0A37464A0}.Debug|Any CPU.ActiveCfg = Debug|Any CPU
		{1E0DFECF-A881-4DDF-8BBD-AAC0A37464A0}.Debug|Any CPU.Build.0 = Debug|Any CPU
		{1E0DFECF-A881-4DDF-8BBD-AAC0A37464A0}.Release|Any CPU.ActiveCfg = Release|Any CPU
		{1E0DFECF-A881-4DDF-8BBD-AAC0A37464A0}.Release|Any CPU.Build.0 = Release|Any CPU
	EndGlobalSection
	GlobalSection(SolutionProperties) = preSolution
		HideSolutionNode = FALSE
	EndGlobalSection
	GlobalSection(ExtensibilityGlobals) = postSolution
		SolutionGuid = {EBFCAE65-C2D5-46F3-8FE8-14582C98DD6D}
	EndGlobalSection
EndGlobal
